
Microsoft Visual Studio Solution File, Format Version 12.00
# Visual Studio 15
VisualStudioVersion = 15.0.28010.2046
MinimumVisualStudioVersion = 10.0.40219.1
Project("{FAE04EC0-301F-11D3-BF4B-00C04F79EFBC}") = "Wetr.Server", "Wetr.Server\Wetr.Server.csproj", "{3858E1BC-9F8E-41D9-8E9A-7884BEE15198}"
EndProject
Project("{FAE04EC0-301F-11D3-BF4B-00C04F79EFBC}") = "DAL.Common", "DAL.Common\DAL.Common.csproj", "{97D7F16D-A1B4-43A0-9DD9-3E4A23633424}"
EndProject
Project("{FAE04EC0-301F-11D3-BF4B-00C04F79EFBC}") = "DAL.Domain", "DAL.Domain\DAL.Domain.csproj", "{E5772332-3369-46C8-8A16-715DD809BDB4}"
EndProject
Project("{FAE04EC0-301F-11D3-BF4B-00C04F79EFBC}") = "DAL.Dao", "DAL.Dao\DAL.Dao.csproj", "{6355969A-7918-4E05-B929-715C5B62D215}"
EndProject
Global
	GlobalSection(SolutionConfigurationPlatforms) = preSolution
		Debug|Any CPU = Debug|Any CPU
		Release|Any CPU = Release|Any CPU
	EndGlobalSection
	GlobalSection(ProjectConfigurationPlatforms) = postSolution
		{3858E1BC-9F8E-41D9-8E9A-7884BEE15198}.Debug|Any CPU.ActiveCfg = Debug|Any CPU
		{3858E1BC-9F8E-41D9-8E9A-7884BEE15198}.Debug|Any CPU.Build.0 = Debug|Any CPU
		{3858E1BC-9F8E-41D9-8E9A-7884BEE15198}.Release|Any CPU.ActiveCfg = Release|Any CPU
		{3858E1BC-9F8E-41D9-8E9A-7884BEE15198}.Release|Any CPU.Build.0 = Release|Any CPU
		{97D7F16D-A1B4-43A0-9DD9-3E4A23633424}.Debug|Any CPU.ActiveCfg = Debug|Any CPU
		{97D7F16D-A1B4-43A0-9DD9-3E4A23633424}.Debug|Any CPU.Build.0 = Debug|Any CPU
		{97D7F16D-A1B4-43A0-9DD9-3E4A23633424}.Release|Any CPU.ActiveCfg = Release|Any CPU
		{97D7F16D-A1B4-43A0-9DD9-3E4A23633424}.Release|Any CPU.Build.0 = Release|Any CPU
		{E5772332-3369-46C8-8A16-715DD809BDB4}.Debug|Any CPU.ActiveCfg = Debug|Any CPU
		{E5772332-3369-46C8-8A16-715DD809BDB4}.Debug|Any CPU.Build.0 = Debug|Any CPU
		{E5772332-3369-46C8-8A16-715DD809BDB4}.Release|Any CPU.ActiveCfg = Release|Any CPU
		{E5772332-3369-46C8-8A16-715DD809BDB4}.Release|Any CPU.Build.0 = Release|Any CPU
		{6355969A-7918-4E05-B929-715C5B62D215}.Debug|Any CPU.ActiveCfg = Debug|Any CPU
		{6355969A-7918-4E05-B929-715C5B62D215}.Debug|Any CPU.Build.0 = Debug|Any CPU
		{6355969A-7918-4E05-B929-715C5B62D215}.Release|Any CPU.ActiveCfg = Release|Any CPU
		{6355969A-7918-4E05-B929-715C5B62D215}.Release|Any CPU.Build.0 = Release|Any CPU
	EndGlobalSection
	GlobalSection(SolutionProperties) = preSolution
		HideSolutionNode = FALSE
	EndGlobalSection
	GlobalSection(ExtensibilityGlobals) = postSolution
		SolutionGuid = {EC80E3DA-5C3D-4C61-8010-196C147EC0E6}
	EndGlobalSection
EndGlobal
